
Microsoft Visual Studio Solution File, Format Version 12.00
# Visual Studio Version 16
VisualStudioVersion = 16.0.30204.135
MinimumVisualStudioVersion = 10.0.40219.1
Project("{9A19103F-16F7-4668-BE54-9A1E7A4F7556}") = "ProjectZero", "ProjectZero\ProjectZero.csproj", "{71A684DA-F70F-4443-9BCC-A8E6A9928EE3}"
EndProject
Project("{FAE04EC0-301F-11D3-BF4B-00C04F79EFBC}") = "ProjectZero.Library", "ProjectZero.Library\ProjectZero.Library.csproj", "{DEE5C9C1-A6A3-4ECC-AB3B-C88FB650B25F}"
EndProject
Global
	GlobalSection(SolutionConfigurationPlatforms) = preSolution
		Debug|Any CPU = Debug|Any CPU
		Release|Any CPU = Release|Any CPU
	EndGlobalSection
	GlobalSection(ProjectConfigurationPlatforms) = postSolution
		{71A684DA-F70F-4443-9BCC-A8E6A9928EE3}.Debug|Any CPU.ActiveCfg = Debug|Any CPU
		{71A684DA-F70F-4443-9BCC-A8E6A9928EE3}.Debug|Any CPU.Build.0 = Debug|Any CPU
		{71A684DA-F70F-4443-9BCC-A8E6A9928EE3}.Release|Any CPU.ActiveCfg = Release|Any CPU
		{71A684DA-F70F-4443-9BCC-A8E6A9928EE3}.Release|Any CPU.Build.0 = Release|Any CPU
		{DEE5C9C1-A6A3-4ECC-AB3B-C88FB650B25F}.Debug|Any CPU.ActiveCfg = Debug|Any CPU
		{DEE5C9C1-A6A3-4ECC-AB3B-C88FB650B25F}.Debug|Any CPU.Build.0 = Debug|Any CPU
		{DEE5C9C1-A6A3-4ECC-AB3B-C88FB650B25F}.Release|Any CPU.ActiveCfg = Release|Any CPU
		{DEE5C9C1-A6A3-4ECC-AB3B-C88FB650B25F}.Release|Any CPU.Build.0 = Release|Any CPU
	EndGlobalSection
	GlobalSection(SolutionProperties) = preSolution
		HideSolutionNode = FALSE
	EndGlobalSection
	GlobalSection(ExtensibilityGlobals) = postSolution
		SolutionGuid = {689034D2-62DF-4414-9CE0-88865B2375E4}
	EndGlobalSection
EndGlobal
